
Microsoft Visual Studio Solution File, Format Version 12.00
# Visual Studio Version 17
VisualStudioVersion = 17.11.35312.102
MinimumVisualStudioVersion = 10.0.40219.1
Project("{FAE04EC0-301F-11D3-BF4B-00C04F79EFBC}") = "Week2-Practical2Part2", "Week2-Practical2Part2\Week2-Practical2Part2.csproj", "{0CA3F75A-551C-488F-9999-F3EAC37C96BC}"
EndProject
Global
	GlobalSection(SolutionConfigurationPlatforms) = preSolution
		Debug|Any CPU = Debug|Any CPU
		Release|Any CPU = Release|Any CPU
	EndGlobalSection
	GlobalSection(ProjectConfigurationPlatforms) = postSolution
		{0CA3F75A-551C-488F-9999-F3EAC37C96BC}.Debug|Any CPU.ActiveCfg = Debug|Any CPU
		{0CA3F75A-551C-488F-9999-F3EAC37C96BC}.Debug|Any CPU.Build.0 = Debug|Any CPU
		{0CA3F75A-551C-488F-9999-F3EAC37C96BC}.Release|Any CPU.ActiveCfg = Release|Any CPU
		{0CA3F75A-551C-488F-9999-F3EAC37C96BC}.Release|Any CPU.Build.0 = Release|Any CPU
	EndGlobalSection
	GlobalSection(SolutionProperties) = preSolution
		HideSolutionNode = FALSE
	EndGlobalSection
	GlobalSection(ExtensibilityGlobals) = postSolution
		SolutionGuid = {0C757142-4805-479F-BA7E-66A5B35164EC}
	EndGlobalSection
EndGlobal
